
Microsoft Visual Studio Solution File, Format Version 12.00
# Visual Studio Version 16
VisualStudioVersion = 16.0.31025.194
MinimumVisualStudioVersion = 10.0.40219.1
Project("{FAE04EC0-301F-11D3-BF4B-00C04F79EFBC}") = "CookingInstructor", "CookingInstructor\CookingInstructor.csproj", "{69C6DF7C-BEAE-4543-B0FA-2002E41426A0}"
EndProject
Global
	GlobalSection(SolutionConfigurationPlatforms) = preSolution
		Debug|Any CPU = Debug|Any CPU
		Release|Any CPU = Release|Any CPU
	EndGlobalSection
	GlobalSection(ProjectConfigurationPlatforms) = postSolution
		{69C6DF7C-BEAE-4543-B0FA-2002E41426A0}.Debug|Any CPU.ActiveCfg = Debug|Any CPU
		{69C6DF7C-BEAE-4543-B0FA-2002E41426A0}.Debug|Any CPU.Build.0 = Debug|Any CPU
		{69C6DF7C-BEAE-4543-B0FA-2002E41426A0}.Release|Any CPU.ActiveCfg = Release|Any CPU
		{69C6DF7C-BEAE-4543-B0FA-2002E41426A0}.Release|Any CPU.Build.0 = Release|Any CPU
	EndGlobalSection
	GlobalSection(SolutionProperties) = preSolution
		HideSolutionNode = FALSE
	EndGlobalSection
	GlobalSection(ExtensibilityGlobals) = postSolution
		SolutionGuid = {C7201F5D-DE23-4F6E-A7C8-9F42962C865C}
	EndGlobalSection
EndGlobal
